
Microsoft Visual Studio Solution File, Format Version 12.00
# Visual Studio Version 17
VisualStudioVersion = 17.3.32922.545
MinimumVisualStudioVersion = 10.0.40219.1
Project("{9A19103F-16F7-4668-BE54-9A1E7A4F7556}") = "CalendarSynchronizerWeb", "CalendarSynchronizerWeb\CalendarSynchronizerWeb.csproj", "{D347A0BC-6408-46D1-ACA3-185CEF03460B}"
EndProject
Project("{9A19103F-16F7-4668-BE54-9A1E7A4F7556}") = "BLL", "BLL\BLL.csproj", "{205A39C0-44F5-4CB9-B454-637AFF00DFAC}"
EndProject
Project("{9A19103F-16F7-4668-BE54-9A1E7A4F7556}") = "DAL", "DAL\DAL.csproj", "{3098D601-AB4B-47C0-9A11-B4C2155BFBB5}"
EndProject
Project("{9A19103F-16F7-4668-BE54-9A1E7A4F7556}") = "Core", "Core\Core.csproj", "{A2A314BB-73C4-481E-BCFC-F34DBF693441}"
EndProject
Global
	GlobalSection(SolutionConfigurationPlatforms) = preSolution
		Debug|Any CPU = Debug|Any CPU
		Release|Any CPU = Release|Any CPU
	EndGlobalSection
	GlobalSection(ProjectConfigurationPlatforms) = postSolution
		{D347A0BC-6408-46D1-ACA3-185CEF03460B}.Debug|Any CPU.ActiveCfg = Debug|Any CPU
		{D347A0BC-6408-46D1-ACA3-185CEF03460B}.Debug|Any CPU.Build.0 = Debug|Any CPU
		{D347A0BC-6408-46D1-ACA3-185CEF03460B}.Release|Any CPU.ActiveCfg = Release|Any CPU
		{D347A0BC-6408-46D1-ACA3-185CEF03460B}.Release|Any CPU.Build.0 = Release|Any CPU
		{205A39C0-44F5-4CB9-B454-637AFF00DFAC}.Debug|Any CPU.ActiveCfg = Debug|Any CPU
		{205A39C0-44F5-4CB9-B454-637AFF00DFAC}.Debug|Any CPU.Build.0 = Debug|Any CPU
		{205A39C0-44F5-4CB9-B454-637AFF00DFAC}.Release|Any CPU.ActiveCfg = Release|Any CPU
		{205A39C0-44F5-4CB9-B454-637AFF00DFAC}.Release|Any CPU.Build.0 = Release|Any CPU
		{3098D601-AB4B-47C0-9A11-B4C2155BFBB5}.Debug|Any CPU.ActiveCfg = Debug|Any CPU
		{3098D601-AB4B-47C0-9A11-B4C2155BFBB5}.Debug|Any CPU.Build.0 = Debug|Any CPU
		{3098D601-AB4B-47C0-9A11-B4C2155BFBB5}.Release|Any CPU.ActiveCfg = Release|Any CPU
		{3098D601-AB4B-47C0-9A11-B4C2155BFBB5}.Release|Any CPU.Build.0 = Release|Any CPU
		{A2A314BB-73C4-481E-BCFC-F34DBF693441}.Debug|Any CPU.ActiveCfg = Debug|Any CPU
		{A2A314BB-73C4-481E-BCFC-F34DBF693441}.Debug|Any CPU.Build.0 = Debug|Any CPU
		{A2A314BB-73C4-481E-BCFC-F34DBF693441}.Release|Any CPU.ActiveCfg = Release|Any CPU
		{A2A314BB-73C4-481E-BCFC-F34DBF693441}.Release|Any CPU.Build.0 = Release|Any CPU
	EndGlobalSection
	GlobalSection(SolutionProperties) = preSolution
		HideSolutionNode = FALSE
	EndGlobalSection
	GlobalSection(ExtensibilityGlobals) = postSolution
		SolutionGuid = {69315231-4BBB-4007-96A6-34D2A398A66E}
	EndGlobalSection
EndGlobal
